
Microsoft Visual Studio Solution File, Format Version 12.00
# Visual Studio Version 17
VisualStudioVersion = 17.3.32901.215
MinimumVisualStudioVersion = 10.0.40219.1
Project("{FAE04EC0-301F-11D3-BF4B-00C04F79EFBC}") = "MagicFights", "MagicFights\MagicFights.csproj", "{B3FA4503-A1FA-4D2D-84CA-C2AFCA2C5E8F}"
EndProject
Global
	GlobalSection(SolutionConfigurationPlatforms) = preSolution
		Debug|Any CPU = Debug|Any CPU
		Release|Any CPU = Release|Any CPU
	EndGlobalSection
	GlobalSection(ProjectConfigurationPlatforms) = postSolution
		{B3FA4503-A1FA-4D2D-84CA-C2AFCA2C5E8F}.Debug|Any CPU.ActiveCfg = Debug|Any CPU
		{B3FA4503-A1FA-4D2D-84CA-C2AFCA2C5E8F}.Debug|Any CPU.Build.0 = Debug|Any CPU
		{B3FA4503-A1FA-4D2D-84CA-C2AFCA2C5E8F}.Release|Any CPU.ActiveCfg = Release|Any CPU
		{B3FA4503-A1FA-4D2D-84CA-C2AFCA2C5E8F}.Release|Any CPU.Build.0 = Release|Any CPU
	EndGlobalSection
	GlobalSection(SolutionProperties) = preSolution
		HideSolutionNode = FALSE
	EndGlobalSection
	GlobalSection(ExtensibilityGlobals) = postSolution
		SolutionGuid = {63B0AE06-9FF3-4F5F-A3EB-5397DA3FAE74}
	EndGlobalSection
EndGlobal
